
Microsoft Visual Studio Solution File, Format Version 12.00
# Visual Studio Version 17
VisualStudioVersion = 17.8.34227.203
MinimumVisualStudioVersion = 10.0.40219.1
Project("{FAE04EC0-301F-11D3-BF4B-00C04F79EFBC}") = "BlazorApp1", "BlazorApp1\BlazorApp1.csproj", "{B7DDC8DE-07A5-4225-B4C4-D08A28C5B452}"
EndProject
Global
	GlobalSection(SolutionConfigurationPlatforms) = preSolution
		Debug|Any CPU = Debug|Any CPU
		Release|Any CPU = Release|Any CPU
	EndGlobalSection
	GlobalSection(ProjectConfigurationPlatforms) = postSolution
		{B7DDC8DE-07A5-4225-B4C4-D08A28C5B452}.Debug|Any CPU.ActiveCfg = Debug|Any CPU
		{B7DDC8DE-07A5-4225-B4C4-D08A28C5B452}.Debug|Any CPU.Build.0 = Debug|Any CPU
		{B7DDC8DE-07A5-4225-B4C4-D08A28C5B452}.Release|Any CPU.ActiveCfg = Release|Any CPU
		{B7DDC8DE-07A5-4225-B4C4-D08A28C5B452}.Release|Any CPU.Build.0 = Release|Any CPU
	EndGlobalSection
	GlobalSection(SolutionProperties) = preSolution
		HideSolutionNode = FALSE
	EndGlobalSection
	GlobalSection(ExtensibilityGlobals) = postSolution
		SolutionGuid = {6EB17554-7D8B-4ADC-AA0B-C17A5A382213}
	EndGlobalSection
EndGlobal
